{
  "requires": true,
  "lockfileVersion": 1,
  "dependencies": {
    "@angular/flex-layout": {
      "version": "2.0.0-beta.12",
      "resolved": "https://registry.npmjs.org/@angular/flex-layout/-/flex-layout-2.0.0-beta.12.tgz",
      "integrity": "sha512-QTOKZxehYTh8fj64V/pNVWNbfNtebSbssyMIXiGJuHTzfyF7GYdRmtjoR2pNpllycz3rE5NYX77EB140Y6BCnw==",
      "requires": {
        "tslib": "1.8.1"
      }
    },
    "tslib": {
      "version": "1.8.1",
      "resolved": "https://registry.npmjs.org/tslib/-/tslib-1.8.1.tgz",
      "integrity": "sha1-aUavLR1lGnsYY7Ux1uWvpBqkTqw="
    }
  }
}
